
Microsoft Visual Studio Solution File, Format Version 12.00
# Visual Studio 15
VisualStudioVersion = 15.0.27703.2047
MinimumVisualStudioVersion = 10.0.40219.1
Project("{8BC9CEB8-8B4A-11D0-8D11-00A0C91BC942}") = "ATM", "ATM.vcxproj", "{F3BED1E8-DB4A-487E-9304-9127DB38C69D}"
EndProject
Global
	GlobalSection(SolutionConfigurationPlatforms) = preSolution
		Debug|x64 = Debug|x64
		Debug|x86 = Debug|x86
		Release|x64 = Release|x64
		Release|x86 = Release|x86
	EndGlobalSection
	GlobalSection(ProjectConfigurationPlatforms) = postSolution
		{F3BED1E8-DB4A-487E-9304-9127DB38C69D}.Debug|x64.ActiveCfg = Debug|x64
		{F3BED1E8-DB4A-487E-9304-9127DB38C69D}.Debug|x64.Build.0 = Debug|x64
		{F3BED1E8-DB4A-487E-9304-9127DB38C69D}.Debug|x86.ActiveCfg = Debug|Win32
		{F3BED1E8-DB4A-487E-9304-9127DB38C69D}.Debug|x86.Build.0 = Debug|Win32
		{F3BED1E8-DB4A-487E-9304-9127DB38C69D}.Release|x64.ActiveCfg = Release|x64
		{F3BED1E8-DB4A-487E-9304-9127DB38C69D}.Release|x64.Build.0 = Release|x64
		{F3BED1E8-DB4A-487E-9304-9127DB38C69D}.Release|x86.ActiveCfg = Release|Win32
		{F3BED1E8-DB4A-487E-9304-9127DB38C69D}.Release|x86.Build.0 = Release|Win32
	EndGlobalSection
	GlobalSection(SolutionProperties) = preSolution
		HideSolutionNode = FALSE
	EndGlobalSection
	GlobalSection(ExtensibilityGlobals) = postSolution
		SolutionGuid = {3AED9328-934A-429B-9AE7-1819988136D6}
	EndGlobalSection
EndGlobal
